
Microsoft Visual Studio Solution File, Format Version 12.00
# Visual Studio 15
VisualStudioVersion = 15.0.28307.329
MinimumVisualStudioVersion = 10.0.40219.1
Project("{2150E333-8FDC-42A3-9474-1A3956D46DE8}") = "0-WebApi", "0-WebApi", "{8B4EF4EB-677E-4BA1-BC51-B44B036232FC}"
EndProject
Project("{2150E333-8FDC-42A3-9474-1A3956D46DE8}") = "1-Application", "1-Application", "{969FA5CA-35F7-43FD-AA2B-2C1A5E716218}"
EndProject
Project("{2150E333-8FDC-42A3-9474-1A3956D46DE8}") = "2-Domain", "2-Domain", "{5D76EE7A-3766-493D-9CB0-D922707A8311}"
EndProject
Project("{2150E333-8FDC-42A3-9474-1A3956D46DE8}") = "3-InfraStruture", "3-InfraStruture", "{92E83BBC-8BE9-45A4-9496-CB31AE8B28B3}"
EndProject
Project("{9A19103F-16F7-4668-BE54-9A1E7A4F7556}") = "WebApiCore", "WebApiCore\WebApiCore.csproj", "{DCC501CC-865A-40FE-9494-80C4760ADAB7}"
EndProject
Project("{9A19103F-16F7-4668-BE54-9A1E7A4F7556}") = "Application", "Application\Application.csproj", "{DC87BBC9-8E71-4664-A4CA-30B9529A4408}"
EndProject
Project("{9A19103F-16F7-4668-BE54-9A1E7A4F7556}") = "Domain", "Domain\Domain.csproj", "{32489496-E285-4634-9AA4-3C9A300888E5}"
EndProject
Project("{9A19103F-16F7-4668-BE54-9A1E7A4F7556}") = "Data", "Data\Data.csproj", "{34DD3F60-5E8E-40B7-84B8-D7E0E4B7B096}"
EndProject
Project("{2150E333-8FDC-42A3-9474-1A3956D46DE8}") = "4-WebApplication", "4-WebApplication", "{D176C9AE-2E82-4A97-9137-8B40A04C1E54}"
EndProject
Project("{9A19103F-16F7-4668-BE54-9A1E7A4F7556}") = "WebApplication", "WebApplication\WebApplication.csproj", "{198A8FCB-396B-4FD2-9DA9-283E8280AA9A}"
EndProject
Project("{2150E333-8FDC-42A3-9474-1A3956D46DE8}") = "5-Testes", "5-Testes", "{E4F5FCF5-65D3-435D-A6D1-76BC3B0CACFF}"
EndProject
Project("{FAE04EC0-301F-11D3-BF4B-00C04F79EFBC}") = "WebApiaTeste", "WebApiaTeste\WebApiaTeste.csproj", "{4B667794-7806-4206-B106-52F26C2D62C2}"
EndProject
Global
	GlobalSection(SolutionConfigurationPlatforms) = preSolution
		Debug|Any CPU = Debug|Any CPU
		Release|Any CPU = Release|Any CPU
	EndGlobalSection
	GlobalSection(ProjectConfigurationPlatforms) = postSolution
		{DCC501CC-865A-40FE-9494-80C4760ADAB7}.Debug|Any CPU.ActiveCfg = Debug|Any CPU
		{DCC501CC-865A-40FE-9494-80C4760ADAB7}.Debug|Any CPU.Build.0 = Debug|Any CPU
		{DCC501CC-865A-40FE-9494-80C4760ADAB7}.Release|Any CPU.ActiveCfg = Release|Any CPU
		{DCC501CC-865A-40FE-9494-80C4760ADAB7}.Release|Any CPU.Build.0 = Release|Any CPU
		{DC87BBC9-8E71-4664-A4CA-30B9529A4408}.Debug|Any CPU.ActiveCfg = Debug|Any CPU
		{DC87BBC9-8E71-4664-A4CA-30B9529A4408}.Debug|Any CPU.Build.0 = Debug|Any CPU
		{DC87BBC9-8E71-4664-A4CA-30B9529A4408}.Release|Any CPU.ActiveCfg = Release|Any CPU
		{DC87BBC9-8E71-4664-A4CA-30B9529A4408}.Release|Any CPU.Build.0 = Release|Any CPU
		{32489496-E285-4634-9AA4-3C9A300888E5}.Debug|Any CPU.ActiveCfg = Debug|Any CPU
		{32489496-E285-4634-9AA4-3C9A300888E5}.Debug|Any CPU.Build.0 = Debug|Any CPU
		{32489496-E285-4634-9AA4-3C9A300888E5}.Release|Any CPU.ActiveCfg = Release|Any CPU
		{32489496-E285-4634-9AA4-3C9A300888E5}.Release|Any CPU.Build.0 = Release|Any CPU
		{34DD3F60-5E8E-40B7-84B8-D7E0E4B7B096}.Debug|Any CPU.ActiveCfg = Debug|Any CPU
		{34DD3F60-5E8E-40B7-84B8-D7E0E4B7B096}.Debug|Any CPU.Build.0 = Debug|Any CPU
		{34DD3F60-5E8E-40B7-84B8-D7E0E4B7B096}.Release|Any CPU.ActiveCfg = Release|Any CPU
		{34DD3F60-5E8E-40B7-84B8-D7E0E4B7B096}.Release|Any CPU.Build.0 = Release|Any CPU
		{198A8FCB-396B-4FD2-9DA9-283E8280AA9A}.Debug|Any CPU.ActiveCfg = Debug|Any CPU
		{198A8FCB-396B-4FD2-9DA9-283E8280AA9A}.Debug|Any CPU.Build.0 = Debug|Any CPU
		{198A8FCB-396B-4FD2-9DA9-283E8280AA9A}.Release|Any CPU.ActiveCfg = Release|Any CPU
		{198A8FCB-396B-4FD2-9DA9-283E8280AA9A}.Release|Any CPU.Build.0 = Release|Any CPU
		{4B667794-7806-4206-B106-52F26C2D62C2}.Debug|Any CPU.ActiveCfg = Debug|Any CPU
		{4B667794-7806-4206-B106-52F26C2D62C2}.Debug|Any CPU.Build.0 = Debug|Any CPU
		{4B667794-7806-4206-B106-52F26C2D62C2}.Release|Any CPU.ActiveCfg = Release|Any CPU
		{4B667794-7806-4206-B106-52F26C2D62C2}.Release|Any CPU.Build.0 = Release|Any CPU
	EndGlobalSection
	GlobalSection(SolutionProperties) = preSolution
		HideSolutionNode = FALSE
	EndGlobalSection
	GlobalSection(NestedProjects) = preSolution
		{DCC501CC-865A-40FE-9494-80C4760ADAB7} = {8B4EF4EB-677E-4BA1-BC51-B44B036232FC}
		{DC87BBC9-8E71-4664-A4CA-30B9529A4408} = {969FA5CA-35F7-43FD-AA2B-2C1A5E716218}
		{32489496-E285-4634-9AA4-3C9A300888E5} = {5D76EE7A-3766-493D-9CB0-D922707A8311}
		{34DD3F60-5E8E-40B7-84B8-D7E0E4B7B096} = {92E83BBC-8BE9-45A4-9496-CB31AE8B28B3}
		{198A8FCB-396B-4FD2-9DA9-283E8280AA9A} = {D176C9AE-2E82-4A97-9137-8B40A04C1E54}
		{4B667794-7806-4206-B106-52F26C2D62C2} = {E4F5FCF5-65D3-435D-A6D1-76BC3B0CACFF}
	EndGlobalSection
	GlobalSection(ExtensibilityGlobals) = postSolution
		SolutionGuid = {F442A7BD-F6EE-4BBA-9ACA-9370AB5FAA41}
	EndGlobalSection
EndGlobal
